
Microsoft Visual Studio Solution File, Format Version 12.00
# Visual Studio 15
VisualStudioVersion = 15.0.27130.2003
MinimumVisualStudioVersion = 10.0.40219.1
Project("{FAE04EC0-301F-11D3-BF4B-00C04F79EFBC}") = "connectoracle", "connectoracle\connectoracle.csproj", "{372A26F7-F76E-4FB9-8B19-FCA2CB5EBED1}"
EndProject
Global
	GlobalSection(SolutionConfigurationPlatforms) = preSolution
		Debug|Any CPU = Debug|Any CPU
		Release|Any CPU = Release|Any CPU
	EndGlobalSection
	GlobalSection(ProjectConfigurationPlatforms) = postSolution
		{372A26F7-F76E-4FB9-8B19-FCA2CB5EBED1}.Debug|Any CPU.ActiveCfg = Debug|Any CPU
		{372A26F7-F76E-4FB9-8B19-FCA2CB5EBED1}.Debug|Any CPU.Build.0 = Debug|Any CPU
		{372A26F7-F76E-4FB9-8B19-FCA2CB5EBED1}.Release|Any CPU.ActiveCfg = Release|Any CPU
		{372A26F7-F76E-4FB9-8B19-FCA2CB5EBED1}.Release|Any CPU.Build.0 = Release|Any CPU
	EndGlobalSection
	GlobalSection(SolutionProperties) = preSolution
		HideSolutionNode = FALSE
	EndGlobalSection
	GlobalSection(ExtensibilityGlobals) = postSolution
		SolutionGuid = {5C1D1A51-87EF-4DF7-A4CF-F71B77437156}
	EndGlobalSection
EndGlobal
